{
  "nodes": {
    "ameba-src": {
      "flake": false,
      "locked": {
        "lastModified": 1667481713,
        "narHash": "sha256-hdxL++O3vvmeHMoGpDsN2kkeXK7ObA09Yg7tjHeCaTs=",
        "owner": "crystal-ameba",
        "repo": "ameba",
        "rev": "35ff16206cd09075aad9a4eefacc1d2e4054ccc6",
        "type": "github"
      },
      "original": {
        "owner": "crystal-ameba",
        "ref": "v1.3.0",
        "repo": "ameba",
        "type": "github"
      }
    },
    "bdwgc-src": {
      "flake": false,
      "locked": {
        "lastModified": 1661523039,
        "narHash": "sha256-UYJQGeSykmfydGAmTlNJNyAPBasBkddOSoopBHiY7TI=",
        "owner": "ivmai",
        "repo": "bdwgc",
        "rev": "cd1fbc1dbfd2cc888436944dd2784f39820698d7",
        "type": "github"
      },
      "original": {
        "owner": "ivmai",
        "ref": "v8.2.2",
        "repo": "bdwgc",
        "type": "github"
      }
    },
    "crystal-aarch64-darwin": {
      "flake": false,
      "locked": {
        "narHash": "sha256-d5znjl8QaQ/dMNa4GtKS/K14PwjBgt8Md6AwSCKcyl4=",
        "type": "tarball",
        "url": "https://github.com/crystal-lang/crystal/releases/download/1.6.1/crystal-1.6.1-1-darwin-universal.tar.gz"
      },
      "original": {
        "type": "tarball",
        "url": "https://github.com/crystal-lang/crystal/releases/download/1.6.1/crystal-1.6.1-1-darwin-universal.tar.gz"
      }
    },
    "crystal-i686-linux": {
      "flake": false,
      "locked": {
        "narHash": "sha256-Hfs70OcJYh+HlGQEftthr1qj10yRCAjzlsqnlUrLdjg=",
        "type": "tarball",
        "url": "https://github.com/crystal-lang/crystal/releases/download/1.6.2/crystal-1.6.2-1-linux-x86_64.tar.gz"
      },
      "original": {
        "type": "tarball",
        "url": "https://github.com/crystal-lang/crystal/releases/download/1.6.2/crystal-1.6.2-1-linux-x86_64.tar.gz"
      }
    },
    "crystal-src": {
      "flake": false,
      "locked": {
        "lastModified": 1667495929,
        "narHash": "sha256-WgU6Y8ww1IYyB0vd5tXwmWBEL5RiPjHA7YzPd21jlsY=",
        "owner": "crystal-lang",
        "repo": "crystal",
        "rev": "879691b2e3268ab290a2a0951bd1d6032f0d90f3",
        "type": "github"
      },
      "original": {
        "owner": "crystal-lang",
        "ref": "1.6.2",
        "repo": "crystal",
        "type": "github"
      }
    },
    "crystal-x86_64-darwin": {
      "flake": false,
      "locked": {
        "narHash": "sha256-Hfs70OcJYh+HlGQEftthr1qj10yRCAjzlsqnlUrLdjg=",
        "type": "tarball",
        "url": "https://github.com/crystal-lang/crystal/releases/download/1.6.2/crystal-1.6.2-1-linux-x86_64.tar.gz"
      },
      "original": {
        "type": "tarball",
        "url": "https://github.com/crystal-lang/crystal/releases/download/1.6.2/crystal-1.6.2-1-linux-x86_64.tar.gz"
      }
    },
    "crystal-x86_64-linux": {
      "flake": false,
      "locked": {
        "narHash": "sha256-Hfs70OcJYh+HlGQEftthr1qj10yRCAjzlsqnlUrLdjg=",
        "type": "tarball",
        "url": "https://github.com/crystal-lang/crystal/releases/download/1.6.2/crystal-1.6.2-1-linux-x86_64.tar.gz"
      },
      "original": {
        "type": "tarball",
        "url": "https://github.com/crystal-lang/crystal/releases/download/1.6.2/crystal-1.6.2-1-linux-x86_64.tar.gz"
      }
    },
    "crystalline-src": {
      "flake": false,
      "locked": {
        "lastModified": 1665222943,
        "narHash": "sha256-j/rQf+qn5ZjZhq3wG4WEKzG3YwRcnUEb4y36qXpiW7Q=",
        "owner": "elbywan",
        "repo": "crystalline",
        "rev": "41665a798659459ecd6e2cb1169d7faf1783e746",
        "type": "github"
      },
      "original": {
        "owner": "elbywan",
        "ref": "v0.7.0",
        "repo": "crystalline",
        "type": "github"
      }
    },
    "flake-parts": {
      "inputs": {
        "nixpkgs-lib": "nixpkgs-lib"
      },
      "locked": {
        "lastModified": 1672152762,
        "narHash": "sha256-U8iWWHgabN07zfbgedogMVWrEP1Zywyf3Yx3OYHSSgE=",
        "owner": "hercules-ci",
        "repo": "flake-parts",
        "rev": "19e0f88324d90509141e192664ded98bb88ef9b2",
        "type": "github"
      },
      "original": {
        "owner": "hercules-ci",
        "repo": "flake-parts",
        "type": "github"
      }
    },
    "nixpkgs": {
      "locked": {
        "lastModified": 1658406394,
        "narHash": "sha256-hgibXbbmxucpVJy9eOXKn7HxQtVkpeZ8euSnWl6c9Mk=",
        "owner": "NixOS",
        "repo": "nixpkgs",
        "rev": "c93e5ab157b45adbb6165bd85a9d8f67e49ff31d",
        "type": "github"
      },
      "original": {
        "owner": "NixOS",
        "ref": "nixos-22.05",
        "repo": "nixpkgs",
        "type": "github"
      }
    },
    "nixpkgs-lib": {
      "locked": {
        "dir": "lib",
        "lastModified": 1671359686,
        "narHash": "sha256-3MpC6yZo+Xn9cPordGz2/ii6IJpP2n8LE8e/ebUXLrs=",
        "owner": "NixOS",
        "repo": "nixpkgs",
        "rev": "04f574a1c0fde90b51bf68198e2297ca4e7cccf4",
        "type": "github"
      },
      "original": {
        "dir": "lib",
        "owner": "NixOS",
        "ref": "nixos-unstable",
        "repo": "nixpkgs",
        "type": "github"
      }
    },
    "root": {
      "inputs": {
        "ameba-src": "ameba-src",
        "bdwgc-src": "bdwgc-src",
        "crystal-aarch64-darwin": "crystal-aarch64-darwin",
        "crystal-i686-linux": "crystal-i686-linux",
        "crystal-src": "crystal-src",
        "crystal-x86_64-darwin": "crystal-x86_64-darwin",
        "crystal-x86_64-linux": "crystal-x86_64-linux",
        "crystalline-src": "crystalline-src",
        "flake-parts": "flake-parts",
        "nixpkgs": "nixpkgs"
      }
    }
  },
  "root": "root",
  "version": 7
}
