{
  "nodes": {
    "ameba-src": {
      "flake": false,
      "locked": {
        "lastModified": 1704831139,
        "narHash": "sha256-NwmsNz9YfHDk0hVwVb5zczuzvErrwPhd3rs75t/Fj+I=",
        "owner": "crystal-ameba",
        "repo": "ameba",
        "rev": "b6bd74e02fd839d65e9811cb914cc4cdc46a5431",
        "type": "github"
      },
      "original": {
        "owner": "crystal-ameba",
        "ref": "v1.6.1",
        "repo": "ameba",
        "type": "github"
      }
    },
    "bdwgc-src": {
      "flake": false,
      "locked": {
        "lastModified": 1707031230,
        "narHash": "sha256-y6hU5qU4qO9VvQvKNH9dvReCrf3+Ih2HHbF6IS1V3WQ=",
        "owner": "ivmai",
        "repo": "bdwgc",
        "rev": "e340b2e869e02718de9c9d7fa440ef4b35785388",
        "type": "github"
      },
      "original": {
        "owner": "ivmai",
        "ref": "v8.2.6",
        "repo": "bdwgc",
        "type": "github"
      }
    },
    "crystal-aarch64-darwin": {
      "flake": false,
      "locked": {
        "lastModified": 1720555666,
        "narHash": "sha256-98JsGh1m7WDZ6hM/dzWr/TlqqHv+pCEC+qWR0QkHNco=",
        "type": "tarball",
        "url": "https://github.com/crystal-lang/crystal/releases/download/1.13.0/crystal-1.13.0-1-darwin-universal.tar.gz"
      },
      "original": {
        "type": "tarball",
        "url": "https://github.com/crystal-lang/crystal/releases/download/1.13.0/crystal-1.13.0-1-darwin-universal.tar.gz"
      }
    },
    "crystal-src": {
      "flake": false,
      "locked": {
        "lastModified": 1720554583,
        "narHash": "sha256-LgR4aw2A/IqR6MraHvXmzn9NwtmuQ/bfUiQvs+h2VjQ=",
        "owner": "crystal-lang",
        "repo": "crystal",
        "rev": "6831e441f1353455f53360820d6cafd5b8bbee35",
        "type": "github"
      },
      "original": {
        "owner": "crystal-lang",
        "ref": "1.13.0",
        "repo": "crystal",
        "type": "github"
      }
    },
    "crystal-x86_64-darwin": {
      "flake": false,
      "locked": {
        "lastModified": 1720555666,
        "narHash": "sha256-98JsGh1m7WDZ6hM/dzWr/TlqqHv+pCEC+qWR0QkHNco=",
        "type": "tarball",
        "url": "https://github.com/crystal-lang/crystal/releases/download/1.13.0/crystal-1.13.0-1-darwin-universal.tar.gz"
      },
      "original": {
        "type": "tarball",
        "url": "https://github.com/crystal-lang/crystal/releases/download/1.13.0/crystal-1.13.0-1-darwin-universal.tar.gz"
      }
    },
    "crystal-x86_64-linux": {
      "flake": false,
      "locked": {
        "lastModified": 1720555417,
        "narHash": "sha256-eJgr/aSL6uzu06Ce778cLNJ7WjZ22rJwIeiKFBr2F4M=",
        "type": "tarball",
        "url": "https://github.com/crystal-lang/crystal/releases/download/1.13.0/crystal-1.13.0-1-linux-x86_64.tar.gz"
      },
      "original": {
        "type": "tarball",
        "url": "https://github.com/crystal-lang/crystal/releases/download/1.13.0/crystal-1.13.0-1-linux-x86_64.tar.gz"
      }
    },
    "crystalline-src": {
      "flake": false,
      "locked": {
        "lastModified": 1715666181,
        "narHash": "sha256-Exv83jmSyhJv90Oo4oApZwNgNjy7tOKxLNh7yJIbfws=",
        "owner": "elbywan",
        "repo": "crystalline",
        "rev": "7bd95d95144676e1ffc358673831c44bf2c93660",
        "type": "github"
      },
      "original": {
        "owner": "elbywan",
        "ref": "v0.13.1",
        "repo": "crystalline",
        "type": "github"
      }
    },
    "flake-parts": {
      "inputs": {
        "nixpkgs-lib": "nixpkgs-lib"
      },
      "locked": {
        "lastModified": 1672152762,
        "narHash": "sha256-U8iWWHgabN07zfbgedogMVWrEP1Zywyf3Yx3OYHSSgE=",
        "owner": "hercules-ci",
        "repo": "flake-parts",
        "rev": "19e0f88324d90509141e192664ded98bb88ef9b2",
        "type": "github"
      },
      "original": {
        "owner": "hercules-ci",
        "repo": "flake-parts",
        "type": "github"
      }
    },
    "nixpkgs": {
      "locked": {
        "lastModified": 1677543769,
        "narHash": "sha256-LwbqS8vGisXl2WHpK9r5+kodr0zoIT8F2YB0R4y1TsA=",
        "owner": "NixOS",
        "repo": "nixpkgs",
        "rev": "b26d52c9feb6476580016e78935cbf96eb3e2115",
        "type": "github"
      },
      "original": {
        "owner": "NixOS",
        "ref": "nixos-22.11",
        "repo": "nixpkgs",
        "type": "github"
      }
    },
    "nixpkgs-lib": {
      "locked": {
        "dir": "lib",
        "lastModified": 1671359686,
        "narHash": "sha256-3MpC6yZo+Xn9cPordGz2/ii6IJpP2n8LE8e/ebUXLrs=",
        "owner": "NixOS",
        "repo": "nixpkgs",
        "rev": "04f574a1c0fde90b51bf68198e2297ca4e7cccf4",
        "type": "github"
      },
      "original": {
        "dir": "lib",
        "owner": "NixOS",
        "ref": "nixos-unstable",
        "repo": "nixpkgs",
        "type": "github"
      }
    },
    "root": {
      "inputs": {
        "ameba-src": "ameba-src",
        "bdwgc-src": "bdwgc-src",
        "crystal-aarch64-darwin": "crystal-aarch64-darwin",
        "crystal-src": "crystal-src",
        "crystal-x86_64-darwin": "crystal-x86_64-darwin",
        "crystal-x86_64-linux": "crystal-x86_64-linux",
        "crystalline-src": "crystalline-src",
        "flake-parts": "flake-parts",
        "nixpkgs": "nixpkgs"
      }
    }
  },
  "root": "root",
  "version": 7
}
